
Microsoft Visual Studio Solution File, Format Version 12.00
# Visual Studio Version 17
VisualStudioVersion = 17.9.34902.65
MinimumVisualStudioVersion = 10.0.40219.1
Project("{FAE04EC0-301F-11D3-BF4B-00C04F79EFBC}") = "FirstLab", "FirstLab\FirstLab.csproj", "{5789FD5E-DDC3-445A-B7F0-BA3CACEF2E6E}"
EndProject
Global
	GlobalSection(SolutionConfigurationPlatforms) = preSolution
		Debug|Any CPU = Debug|Any CPU
		Release|Any CPU = Release|Any CPU
	EndGlobalSection
	GlobalSection(ProjectConfigurationPlatforms) = postSolution
		{5789FD5E-DDC3-445A-B7F0-BA3CACEF2E6E}.Debug|Any CPU.ActiveCfg = Debug|Any CPU
		{5789FD5E-DDC3-445A-B7F0-BA3CACEF2E6E}.Debug|Any CPU.Build.0 = Debug|Any CPU
		{5789FD5E-DDC3-445A-B7F0-BA3CACEF2E6E}.Release|Any CPU.ActiveCfg = Release|Any CPU
		{5789FD5E-DDC3-445A-B7F0-BA3CACEF2E6E}.Release|Any CPU.Build.0 = Release|Any CPU
	EndGlobalSection
	GlobalSection(SolutionProperties) = preSolution
		HideSolutionNode = FALSE
	EndGlobalSection
	GlobalSection(ExtensibilityGlobals) = postSolution
		SolutionGuid = {3E828DF9-17C0-4BF7-97DE-305AA4E965A6}
	EndGlobalSection
EndGlobal
